
Microsoft Visual Studio Solution File, Format Version 12.00
# Visual Studio 15
VisualStudioVersion = 15.0.27703.2042
MinimumVisualStudioVersion = 10.0.40219.1
Project("{FAE04EC0-301F-11D3-BF4B-00C04F79EFBC}") = "2FAQRCodeDemo", "2FAQRCodeDemo\2FAQRCodeDemo.csproj", "{006BF121-9916-41F7-9568-C6D296E82BD3}"
EndProject
Global
	GlobalSection(SolutionConfigurationPlatforms) = preSolution
		Debug|Any CPU = Debug|Any CPU
		Release|Any CPU = Release|Any CPU
	EndGlobalSection
	GlobalSection(ProjectConfigurationPlatforms) = postSolution
		{006BF121-9916-41F7-9568-C6D296E82BD3}.Debug|Any CPU.ActiveCfg = Debug|Any CPU
		{006BF121-9916-41F7-9568-C6D296E82BD3}.Debug|Any CPU.Build.0 = Debug|Any CPU
		{006BF121-9916-41F7-9568-C6D296E82BD3}.Release|Any CPU.ActiveCfg = Release|Any CPU
		{006BF121-9916-41F7-9568-C6D296E82BD3}.Release|Any CPU.Build.0 = Release|Any CPU
	EndGlobalSection
	GlobalSection(SolutionProperties) = preSolution
		HideSolutionNode = FALSE
	EndGlobalSection
	GlobalSection(ExtensibilityGlobals) = postSolution
		SolutionGuid = {C18AB46B-263F-4505-87BB-3C899E990B0F}
	EndGlobalSection
EndGlobal
